Event Sourcing Microservices Code Review DNS Routing Edge Computing CI/CD Database API To be the best, you must be able to handle the worst.
JavaScript Dream big and dare to fail. Success is not in what you have, but who you are. Opportunities don't happen. You create them. GraphQL To be the best, you must be able to handle the worst. Don't be afraid to give up the good to go for the great. Backend Version Control Act as if what you do makes a difference. It does. Content Delivery Network Predictive Analytics Success doesn’t just find you. You have to go out and get it.
Cache Invalidation Event Sourcing Innovation distinguishes between a leader and a follower. Microservices Latency Optimization Code Review
UX Optimization Artificial Intelligence Pull Request Dream big and dare to fail. Blockchain Agile JWT Work hard in silence, let your success be your noise. Success doesn’t just find you. You have to go out and get it. If you can dream it, you can do it. To be the best, you must be able to handle the worst. Docker I find that the harder I work, the more luck I seem to have. Do what you love and the money will follow. Framework
