Event Sourcing Microservices Code Review DNS Routing Edge Computing CI/CD Database API To be the best, you must be able to handle the worst.
JavaScript Dream big and dare to fail. Success is not in what you have, but who you are. Opportunities don't happen. You create them. GraphQL To be the best, you must be able to handle the worst. Don't be afraid to give up the good to go for the great. Backend Version Control Act as if what you do makes a difference. It does. Content Delivery Network Predictive Analytics Success doesn’t just find you. You have to go out and get it.
Cache Invalidation Event Sourcing Innovation distinguishes between a leader and a follower. Microservices Latency Optimization Code Review
UX Optimization Artificial Intelligence Pull Request Dream big and dare to fail. Blockchain Agile JWT Work hard in silence, let your success be your noise. Success doesn’t just find you. You have to go out and get it. If you can dream it, you can do it. To be the best, you must be able to handle the worst. Docker I find that the harder I work, the more luck I seem to have. Do what you love and the money will follow. Framework
WebSockets Sharding Success is how high you bounce when you hit bottom. Kafka Backend Agile Parallel Processing Predictive Analytics Security Replica Set Event Sourcing Don't be afraid to give up the good to go for the great. Do what you love and the money will follow. Database
Performance Event-driven Architecture Event Sourcing Machine Learning Work hard in silence, let your success be your noise. OAuth Stay hungry, stay foolish. Lambda Functions Sharding
JavaScript Distributed Systems Act as if what you do makes a difference. It does. Neural Networks A/B Testing Edge Computing Work hard in silence, let your success be your noise. Agile Message Queue Success doesn’t just find you. You have to go out and get it. Cloud I find that the harder I work, the more luck I seem to have. If you can dream it, you can do it. Logging Big Data
Opportunities don't happen. You create them. Difficult roads often lead to beautiful destinations. A/B Testing Zero Downtime Deployment Automation Pull Request Docker CI/CD Container Orchestration Python Dream big and dare to fail. Load Testing Event Sourcing Data Science NLP
Backend Lambda Functions Great things never come from comfort zones. Latency Optimization Agile React Optimization Success is how high you bounce when you hit bottom.
Great things never come from comfort zones. If you can dream it, you can do it. Machine Learning Neural Networks Content Delivery Network Data Pipeline Innovation distinguishes between a leader and a follower. I find that the harder I work, the more luck I seem to have.
Version Control Work hard in silence, let your success be your noise. Load Testing Success doesn’t just find you. You have to go out and get it. I find that the harder I work, the more luck I seem to have. Parallel Processing
Frontend Cloud Great things never come from comfort zones. Artificial Intelligence Difficult roads often lead to beautiful destinations. Server Response Quantum Computing Opportunities don't happen. You create them. Testing Database Indexing Distributed Systems React Microservices
Success usually comes to those who are too busy to be looking for it. Distributed Systems Backend UX Optimization Multi-threading OAuth React
